
Microsoft Visual Studio Solution File, Format Version 12.00
# Visual Studio Version 17
VisualStudioVersion = 17.10.35013.160
MinimumVisualStudioVersion = 10.0.40219.1
Project("{FAE04EC0-301F-11D3-BF4B-00C04F79EFBC}") = "BankingTransactionSystem", "BankingTransactionSystem\BankingTransactionSystem.csproj", "{4E06C1B4-C816-488D-9104-5925BCC78367}"
EndProject
Global
	GlobalSection(SolutionConfigurationPlatforms) = preSolution
		Debug|Any CPU = Debug|Any CPU
		Release|Any CPU = Release|Any CPU
	EndGlobalSection
	GlobalSection(ProjectConfigurationPlatforms) = postSolution
		{4E06C1B4-C816-488D-9104-5925BCC78367}.Debug|Any CPU.ActiveCfg = Debug|Any CPU
		{4E06C1B4-C816-488D-9104-5925BCC78367}.Debug|Any CPU.Build.0 = Debug|Any CPU
		{4E06C1B4-C816-488D-9104-5925BCC78367}.Release|Any CPU.ActiveCfg = Release|Any CPU
		{4E06C1B4-C816-488D-9104-5925BCC78367}.Release|Any CPU.Build.0 = Release|Any CPU
	EndGlobalSection
	GlobalSection(SolutionProperties) = preSolution
		HideSolutionNode = FALSE
	EndGlobalSection
	GlobalSection(ExtensibilityGlobals) = postSolution
		SolutionGuid = {772C192C-D818-44A8-8A4C-0A241DE948D6}
	EndGlobalSection
EndGlobal
